
Microsoft Visual Studio Solution File, Format Version 12.00
# Visual Studio 15
VisualStudioVersion = 15.0.26730.16
MinimumVisualStudioVersion = 10.0.40219.1
Project("{9A19103F-16F7-4668-BE54-9A1E7A4F7556}") = "TinyDIFramework", "TinyDIFramework.csproj", "{2B8AE3DF-C86D-41FD-AC9A-0E3A92681CCB}"
EndProject
Global
	GlobalSection(SolutionConfigurationPlatforms) = preSolution
		Debug|Any CPU = Debug|Any CPU
		Release|Any CPU = Release|Any CPU
	EndGlobalSection
	GlobalSection(ProjectConfigurationPlatforms) = postSolution
		{2B8AE3DF-C86D-41FD-AC9A-0E3A92681CCB}.Debug|Any CPU.ActiveCfg = Debug|Any CPU
		{2B8AE3DF-C86D-41FD-AC9A-0E3A92681CCB}.Debug|Any CPU.Build.0 = Debug|Any CPU
		{2B8AE3DF-C86D-41FD-AC9A-0E3A92681CCB}.Release|Any CPU.ActiveCfg = Release|Any CPU
		{2B8AE3DF-C86D-41FD-AC9A-0E3A92681CCB}.Release|Any CPU.Build.0 = Release|Any CPU
	EndGlobalSection
	GlobalSection(SolutionProperties) = preSolution
		HideSolutionNode = FALSE
	EndGlobalSection
	GlobalSection(ExtensibilityGlobals) = postSolution
		SolutionGuid = {DCE4FEAF-DCE1-4BCF-B587-3656B0008F57}
	EndGlobalSection
EndGlobal
